// !$*UTF8*$!
{
	archiveVersion = 1;
	classes = {
	};
	objectVersion = 77;
	objects = {

/* Begin PBXBuildFile section */
		D051CE352CF6CFF100912B54 /* Localizable.xcstrings in Resources */ = {isa = PBXBuildFile; fileRef = D0703C3E2CE3481800C47610 /* Localizable.xcstrings */; };
		D057658C2CF454AB00B45398 /* WidgetKit.framework in Frameworks */ = {isa = PBXBuildFile; fileRef = D057658B2CF454AB00B45398 /* WidgetKit.framework */; };
		D057658E2CF454AB00B45398 /* SwiftUI.framework in Frameworks */ = {isa = PBXBuildFile; fileRef = D057658D2CF454AB00B45398 /* SwiftUI.framework */; };
		D05765992CF454AD00B45398 /* TodoAppWidgetExtension.appex in Embed Foundation Extensions */ = {isa = PBXBuildFile; fileRef = D05765892CF454AB00B45398 /* TodoAppWidgetExtension.appex */; settings = {ATTRIBUTES = (RemoveHeadersOnCopy, ); }; };
		D0703C3F2CE3481800C47610 /* Localizable.xcstrings in Resources */ = {isa = PBXBuildFile; fileRef = D0703C3E2CE3481800C47610 /* Localizable.xcstrings */; };
		D09713FB2CDBD5D30014E7FA /* .gitignore in Resources */ = {isa = PBXBuildFile; fileRef = D09713FA2CDBD5C90014E7FA /* .gitignore */; };
		D0A4A1F42D11AB710030D45D /* TodoAppUITests.xctestplan in Resources */ = {isa = PBXBuildFile; fileRef = D0A4A1F32D11AB710030D45D /* TodoAppUITests.xctestplan */; };
		D0A886DC2D00144C00D0F75F /* Localizable.xcstrings in Resources */ = {isa = PBXBuildFile; fileRef = D0703C3E2CE3481800C47610 /* Localizable.xcstrings */; };
/* End PBXBuildFile section */

/* Begin PBXContainerItemProxy section */
		D02414082CF42039005F41C8 /* PBXContainerItemProxy */ = {
			isa = PBXContainerItemProxy;
			containerPortal = D032ECD12CCA84F000461F6C /* Project object */;
			proxyType = 1;
			remoteGlobalIDString = D032ECD82CCA84F000461F6C;
			remoteInfo = TodoApp;
		};
		D05765972CF454AD00B45398 /* PBXContainerItemProxy */ = {
			isa = PBXContainerItemProxy;
			containerPortal = D032ECD12CCA84F000461F6C /* Project object */;
			proxyType = 1;
			remoteGlobalIDString = D05765882CF454AB00B45398;
			remoteInfo = TodoAppWidgetExtension;
		};
		D0A886C82D00063800D0F75F /* PBXContainerItemProxy */ = {
			isa = PBXContainerItemProxy;
			containerPortal = D032ECD12CCA84F000461F6C /* Project object */;
			proxyType = 1;
			remoteGlobalIDString = D032ECD82CCA84F000461F6C;
			remoteInfo = TodoApp;
		};
/* End PBXContainerItemProxy section */

/* Begin PBXCopyFilesBuildPhase section */
		D057659A2CF454AD00B45398 /* Embed Foundation Extensions */ = {
			isa = PBXCopyFilesBuildPhase;
			buildActionMask = 2147483647;
			dstPath = "";
			dstSubfolderSpec = 13;
			files = (
				D05765992CF454AD00B45398 /* TodoAppWidgetExtension.appex in Embed Foundation Extensions */,
			);
			name = "Embed Foundation Extensions";
			runOnlyForDeploymentPostprocessing = 0;
		};
/* End PBXCopyFilesBuildPhase section */

/* Begin PBXFileReference section */
		D02414042CF42039005F41C8 /* TodoAppUnitTests.xctest */ = {isa = PBXFileReference; explicitFileType = wrapper.cfbundle; includeInIndex = 0; path = TodoAppUnitTests.xctest; sourceTree = BUILT_PRODUCTS_DIR; };
		D032E17B2CF5CE6600B47B5C /* TodoAppWidgetExtension.entitlements */ = {isa = PBXFileReference; lastKnownFileType = text.plist.entitlements; path = TodoAppWidgetExtension.entitlements; sourceTree = "<group>"; };
		D032ECD92CCA84F000461F6C /* TodoApp.app */ = {isa = PBXFileReference; explicitFileType = wrapper.application; includeInIndex = 0; path = TodoApp.app; sourceTree = BUILT_PRODUCTS_DIR; };
		D05765892CF454AB00B45398 /* TodoAppWidgetExtension.appex */ = {isa = PBXFileReference; explicitFileType = "wrapper.app-extension"; includeInIndex = 0; path = TodoAppWidgetExtension.appex; sourceTree = BUILT_PRODUCTS_DIR; };
		D057658B2CF454AB00B45398 /* WidgetKit.framework */ = {isa = PBXFileReference; lastKnownFileType = wrapper.framework; name = WidgetKit.framework; path = System/Library/Frameworks/WidgetKit.framework; sourceTree = SDKROOT; };
		D057658D2CF454AB00B45398 /* SwiftUI.framework */ = {isa = PBXFileReference; lastKnownFileType = wrapper.framework; name = SwiftUI.framework; path = System/Library/Frameworks/SwiftUI.framework; sourceTree = SDKROOT; };
		D0703C3E2CE3481800C47610 /* Localizable.xcstrings */ = {isa = PBXFileReference; lastKnownFileType = text.json.xcstrings; path = Localizable.xcstrings; sourceTree = "<group>"; };
		D09713FA2CDBD5C90014E7FA /* .gitignore */ = {isa = PBXFileReference; lastKnownFileType = text; path = .gitignore; sourceTree = "<group>"; };
		D0A4A1F22D11AB560030D45D /* TodoAppUnitTests.xctestplan */ = {isa = PBXFileReference; lastKnownFileType = text; path = TodoAppUnitTests.xctestplan; sourceTree = "<group>"; };
		D0A4A1F32D11AB710030D45D /* TodoAppUITests.xctestplan */ = {isa = PBXFileReference; lastKnownFileType = text; path = TodoAppUITests.xctestplan; sourceTree = "<group>"; };
		D0A886C22D00063800D0F75F /* TodoAppUITests.xctest */ = {isa = PBXFileReference; explicitFileType = wrapper.cfbundle; includeInIndex = 0; path = TodoAppUITests.xctest; sourceTree = BUILT_PRODUCTS_DIR; };
/* End PBXFileReference section */

/* Begin PBXFileSystemSynchronizedBuildFileExceptionSet section */
		D032E17E2CF5CFE000B47B5C /* Exceptions for "TodoApp" folder in "TodoAppWidgetExtension" target */ = {
			isa = PBXFileSystemSynchronizedBuildFileExceptionSet;
			membershipExceptions = (
				DI/DIContainer.swift,
				"Extensions/Date+Extension.swift",
				Mock/TodoTestData.swift,
				Model/TaskStatus.swift,
				Model/Todo.swift,
				Repository/TaskRepository.swift,
				View/Component/TaskStatusText.swift,
				"ViewModel/ TaskViewModel.swift",
				ViewModel/WidgetTaskViewModel.swift,
			);
			target = D05765882CF454AB00B45398 /* TodoAppWidgetExtension */;
		};
		D03BF6B32D06C0FE005E3B50 /* Exceptions for "TodoApp" folder in "TodoAppUITests" target */ = {
			isa = PBXFileSystemSynchronizedBuildFileExceptionSet;
			membershipExceptions = (
				"Extensions/Date+Extension.swift",
			);
			target = D0A886C12D00063800D0F75F /* TodoAppUITests */;
		};
		D057659D2CF454AD00B45398 /* Exceptions for "TodoAppWidget" folder in "TodoAppWidgetExtension" target */ = {
			isa = PBXFileSystemSynchronizedBuildFileExceptionSet;
			membershipExceptions = (
				Info.plist,
			);
			target = D05765882CF454AB00B45398 /* TodoAppWidgetExtension */;
		};
		D07E79602D180C81007871ED /* Exceptions for "TodoApp" folder in "TodoApp" target */ = {
			isa = PBXFileSystemSynchronizedBuildFileExceptionSet;
			membershipExceptions = (
				Info.plist,
			);
			target = D032ECD82CCA84F000461F6C /* TodoApp */;
		};
/* End PBXFileSystemSynchronizedBuildFileExceptionSet section */

/* Begin PBXFileSystemSynchronizedRootGroup section */
		D02414052CF42039005F41C8 /* TodoAppUnitTests */ = {
			isa = PBXFileSystemSynchronizedRootGroup;
			path = TodoAppUnitTests;
			sourceTree = "<group>";
		};
		D032ECDB2CCA84F000461F6C /* TodoApp */ = {
			isa = PBXFileSystemSynchronizedRootGroup;
			exceptions = (
				D07E79602D180C81007871ED /* Exceptions for "TodoApp" folder in "TodoApp" target */,
				D032E17E2CF5CFE000B47B5C /* Exceptions for "TodoApp" folder in "TodoAppWidgetExtension" target */,
				D03BF6B32D06C0FE005E3B50 /* Exceptions for "TodoApp" folder in "TodoAppUITests" target */,
			);
			path = TodoApp;
			sourceTree = "<group>";
		};
		D057658F2CF454AB00B45398 /* TodoAppWidget */ = {
			isa = PBXFileSystemSynchronizedRootGroup;
			exceptions = (
				D057659D2CF454AD00B45398 /* Exceptions for "TodoAppWidget" folder in "TodoAppWidgetExtension" target */,
			);
			path = TodoAppWidget;
			sourceTree = "<group>";
		};
		D0A886C32D00063800D0F75F /* TodoAppUITests */ = {
			isa = PBXFileSystemSynchronizedRootGroup;
			path = TodoAppUITests;
			sourceTree = "<group>";
		};
/* End PBXFileSystemSynchronizedRootGroup section */

/* Begin PBXFrameworksBuildPhase section */
		D02414012CF42038005F41C8 /* Frameworks */ = {
			isa = PBXFrameworksBuildPhase;
			buildActionMask = 2147483647;
			files = (
			);
			runOnlyForDeploymentPostprocessing = 0;
		};
		D032ECD62CCA84F000461F6C /* Frameworks */ = {
			isa = PBXFrameworksBuildPhase;
			buildActionMask = 2147483647;
			files = (
			);
			runOnlyForDeploymentPostprocessing = 0;
		};
		D05765862CF454AB00B45398 /* Frameworks */ = {
			isa = PBXFrameworksBuildPhase;
			buildActionMask = 2147483647;
			files = (
				D057658E2CF454AB00B45398 /* SwiftUI.framework in Frameworks */,
				D057658C2CF454AB00B45398 /* WidgetKit.framework in Frameworks */,
			);
			runOnlyForDeploymentPostprocessing = 0;
		};
		D0A886BF2D00063800D0F75F /* Frameworks */ = {
			isa = PBXFrameworksBuildPhase;
			buildActionMask = 2147483647;
			files = (
			);
			runOnlyForDeploymentPostprocessing = 0;
		};
/* End PBXFrameworksBuildPhase section */

/* Begin PBXGroup section */
		D032ECD02CCA84F000461F6C = {
			isa = PBXGroup;
			children = (
				D0A4A1F32D11AB710030D45D /* TodoAppUITests.xctestplan */,
				D0A4A1F22D11AB560030D45D /* TodoAppUnitTests.xctestplan */,
				D032E17B2CF5CE6600B47B5C /* TodoAppWidgetExtension.entitlements */,
				D0703C3E2CE3481800C47610 /* Localizable.xcstrings */,
				D09713FA2CDBD5C90014E7FA /* .gitignore */,
				D032ECDB2CCA84F000461F6C /* TodoApp */,
				D02414052CF42039005F41C8 /* TodoAppUnitTests */,
				D057658F2CF454AB00B45398 /* TodoAppWidget */,
				D0A886C32D00063800D0F75F /* TodoAppUITests */,
				D057658A2CF454AB00B45398 /* Frameworks */,
				D032ECDA2CCA84F000461F6C /* Products */,
			);
			sourceTree = "<group>";
		};
		D032ECDA2CCA84F000461F6C /* Products */ = {
			isa = PBXGroup;
			children = (
				D032ECD92CCA84F000461F6C /* TodoApp.app */,
				D02414042CF42039005F41C8 /* TodoAppUnitTests.xctest */,
				D05765892CF454AB00B45398 /* TodoAppWidgetExtension.appex */,
				D0A886C22D00063800D0F75F /* TodoAppUITests.xctest */,
			);
			name = Products;
			sourceTree = "<group>";
		};
		D057658A2CF454AB00B45398 /* Frameworks */ = {
			isa = PBXGroup;
			children = (
				D057658B2CF454AB00B45398 /* WidgetKit.framework */,
				D057658D2CF454AB00B45398 /* SwiftUI.framework */,
			);
			name = Frameworks;
			sourceTree = "<group>";
		};
/* End PBXGroup section */

/* Begin PBXNativeTarget section */
		D02414032CF42038005F41C8 /* TodoAppUnitTests */ = {
			isa = PBXNativeTarget;
			buildConfigurationList = D024140C2CF42039005F41C8 /* Build configuration list for PBXNativeTarget "TodoAppUnitTests" */;
			buildPhases = (
				D02414002CF42038005F41C8 /* Sources */,
				D02414012CF42038005F41C8 /* Frameworks */,
				D02414022CF42038005F41C8 /* Resources */,
			);
			buildRules = (
			);
			dependencies = (
				D02414092CF42039005F41C8 /* PBXTargetDependency */,
			);
			fileSystemSynchronizedGroups = (
				D02414052CF42039005F41C8 /* TodoAppUnitTests */,
			);
			name = TodoAppUnitTests;
			packageProductDependencies = (
			);
			productName = TodoAppTests;
			productReference = D02414042CF42039005F41C8 /* TodoAppUnitTests.xctest */;
			productType = "com.apple.product-type.bundle.unit-test";
		};
		D032ECD82CCA84F000461F6C /* TodoApp */ = {
			isa = PBXNativeTarget;
			buildConfigurationList = D032ECE92CCA84F100461F6C /* Build configuration list for PBXNativeTarget "TodoApp" */;
			buildPhases = (
				D032ECD52CCA84F000461F6C /* Sources */,
				D032ECD62CCA84F000461F6C /* Frameworks */,
				D032ECD72CCA84F000461F6C /* Resources */,
				D057659A2CF454AD00B45398 /* Embed Foundation Extensions */,
			);
			buildRules = (
			);
			dependencies = (
				D05765982CF454AD00B45398 /* PBXTargetDependency */,
			);
			fileSystemSynchronizedGroups = (
				D032ECDB2CCA84F000461F6C /* TodoApp */,
			);
			name = TodoApp;
			packageProductDependencies = (
			);
			productName = GmoriApp;
			productReference = D032ECD92CCA84F000461F6C /* TodoApp.app */;
			productType = "com.apple.product-type.application";
		};
		D05765882CF454AB00B45398 /* TodoAppWidgetExtension */ = {
			isa = PBXNativeTarget;
			buildConfigurationList = D057659E2CF454AD00B45398 /* Build configuration list for PBXNativeTarget "TodoAppWidgetExtension" */;
			buildPhases = (
				D05765852CF454AB00B45398 /* Sources */,
				D05765862CF454AB00B45398 /* Frameworks */,
				D05765872CF454AB00B45398 /* Resources */,
			);
			buildRules = (
			);
			dependencies = (
			);
			fileSystemSynchronizedGroups = (
				D057658F2CF454AB00B45398 /* TodoAppWidget */,
			);
			name = TodoAppWidgetExtension;
			packageProductDependencies = (
			);
			productName = TodoAppWidgetExtension;
			productReference = D05765892CF454AB00B45398 /* TodoAppWidgetExtension.appex */;
			productType = "com.apple.product-type.app-extension";
		};
		D0A886C12D00063800D0F75F /* TodoAppUITests */ = {
			isa = PBXNativeTarget;
			buildConfigurationList = D0A886CA2D00063800D0F75F /* Build configuration list for PBXNativeTarget "TodoAppUITests" */;
			buildPhases = (
				D0A886BE2D00063800D0F75F /* Sources */,
				D0A886BF2D00063800D0F75F /* Frameworks */,
				D0A886C02D00063800D0F75F /* Resources */,
			);
			buildRules = (
			);
			dependencies = (
				D0A886C92D00063800D0F75F /* PBXTargetDependency */,
			);
			fileSystemSynchronizedGroups = (
				D0A886C32D00063800D0F75F /* TodoAppUITests */,
			);
			name = TodoAppUITests;
			packageProductDependencies = (
			);
			productName = TodoAppUITests;
			productReference = D0A886C22D00063800D0F75F /* TodoAppUITests.xctest */;
			productType = "com.apple.product-type.bundle.ui-testing";
		};
/* End PBXNativeTarget section */

/* Begin PBXProject section */
		D032ECD12CCA84F000461F6C /* Project object */ = {
			isa = PBXProject;
			attributes = {
				BuildIndependentTargetsInParallel = 1;
				LastSwiftUpdateCheck = 1610;
				LastUpgradeCheck = 1610;
				TargetAttributes = {
					D02414032CF42038005F41C8 = {
						CreatedOnToolsVersion = 16.1;
						TestTargetID = D032ECD82CCA84F000461F6C;
					};
					D032ECD82CCA84F000461F6C = {
						CreatedOnToolsVersion = 16.0;
					};
					D05765882CF454AB00B45398 = {
						CreatedOnToolsVersion = 16.1;
					};
					D0A886C12D00063800D0F75F = {
						CreatedOnToolsVersion = 16.1;
						TestTargetID = D032ECD82CCA84F000461F6C;
					};
				};
			};
			buildConfigurationList = D032ECD42CCA84F000461F6C /* Build configuration list for PBXProject "TodoApp" */;
			developmentRegion = ja;
			hasScannedForEncodings = 0;
			knownRegions = (
				en,
				Base,
				ja,
			);
			mainGroup = D032ECD02CCA84F000461F6C;
			minimizedProjectReferenceProxies = 1;
			preferredProjectObjectVersion = 77;
			productRefGroup = D032ECDA2CCA84F000461F6C /* Products */;
			projectDirPath = "";
			projectRoot = "";
			targets = (
				D032ECD82CCA84F000461F6C /* TodoApp */,
				D02414032CF42038005F41C8 /* TodoAppUnitTests */,
				D05765882CF454AB00B45398 /* TodoAppWidgetExtension */,
				D0A886C12D00063800D0F75F /* TodoAppUITests */,
			);
		};
/* End PBXProject section */

/* Begin PBXResourcesBuildPhase section */
		D02414022CF42038005F41C8 /* Resources */ = {
			isa = PBXResourcesBuildPhase;
			buildActionMask = 2147483647;
			files = (
			);
			runOnlyForDeploymentPostprocessing = 0;
		};
		D032ECD72CCA84F000461F6C /* Resources */ = {
			isa = PBXResourcesBuildPhase;
			buildActionMask = 2147483647;
			files = (
				D0703C3F2CE3481800C47610 /* Localizable.xcstrings in Resources */,
				D09713FB2CDBD5D30014E7FA /* .gitignore in Resources */,
				D0A4A1F42D11AB710030D45D /* TodoAppUITests.xctestplan in Resources */,
			);
			runOnlyForDeploymentPostprocessing = 0;
		};
		D05765872CF454AB00B45398 /* Resources */ = {
			isa = PBXResourcesBuildPhase;
			buildActionMask = 2147483647;
			files = (
				D051CE352CF6CFF100912B54 /* Localizable.xcstrings in Resources */,
			);
			runOnlyForDeploymentPostprocessing = 0;
		};
		D0A886C02D00063800D0F75F /* Resources */ = {
			isa = PBXResourcesBuildPhase;
			buildActionMask = 2147483647;
			files = (
				D0A886DC2D00144C00D0F75F /* Localizable.xcstrings in Resources */,
			);
			runOnlyForDeploymentPostprocessing = 0;
		};
/* End PBXResourcesBuildPhase section */

/* Begin PBXSourcesBuildPhase section */
		D02414002CF42038005F41C8 /* Sources */ = {
			isa = PBXSourcesBuildPhase;
			buildActionMask = 2147483647;
			files = (
			);
			runOnlyForDeploymentPostprocessing = 0;
		};
		D032ECD52CCA84F000461F6C /* Sources */ = {
			isa = PBXSourcesBuildPhase;
			buildActionMask = 2147483647;
			files = (
			);
			runOnlyForDeploymentPostprocessing = 0;
		};
		D05765852CF454AB00B45398 /* Sources */ = {
			isa = PBXSourcesBuildPhase;
			buildActionMask = 2147483647;
			files = (
			);
			runOnlyForDeploymentPostprocessing = 0;
		};
		D0A886BE2D00063800D0F75F /* Sources */ = {
			isa = PBXSourcesBuildPhase;
			buildActionMask = 2147483647;
			files = (
			);
			runOnlyForDeploymentPostprocessing = 0;
		};
/* End PBXSourcesBuildPhase section */

/* Begin PBXTargetDependency section */
		D02414092CF42039005F41C8 /* PBXTargetDependency */ = {
			isa = PBXTargetDependency;
			target = D032ECD82CCA84F000461F6C /* TodoApp */;
			targetProxy = D02414082CF42039005F41C8 /* PBXContainerItemProxy */;
		};
		D05765982CF454AD00B45398 /* PBXTargetDependency */ = {
			isa = PBXTargetDependency;
			target = D05765882CF454AB00B45398 /* TodoAppWidgetExtension */;
			targetProxy = D05765972CF454AD00B45398 /* PBXContainerItemProxy */;
		};
		D0A886C92D00063800D0F75F /* PBXTargetDependency */ = {
			isa = PBXTargetDependency;
			target = D032ECD82CCA84F000461F6C /* TodoApp */;
			targetProxy = D0A886C82D00063800D0F75F /* PBXContainerItemProxy */;
		};
/* End PBXTargetDependency section */

/* Begin XCBuildConfiguration section */
		D024140A2CF42039005F41C8 /* Debug */ = {
			isa = XCBuildConfiguration;
			buildSettings = {
				BUNDLE_LOADER = "$(TEST_HOST)";
				CODE_SIGN_STYLE = Automatic;
				CURRENT_PROJECT_VERSION = 1;
				DEVELOPMENT_TEAM = N82VTDJ846;
				GENERATE_INFOPLIST_FILE = YES;
				IPHONEOS_DEPLOYMENT_TARGET = 18.1;
				MARKETING_VERSION = 1.0;
				PRODUCT_BUNDLE_IDENTIFIER = box.TodoAppTests;
				PRODUCT_NAME = "$(TARGET_NAME)";
				SWIFT_EMIT_LOC_STRINGS = NO;
				SWIFT_VERSION = 5.0;
				TARGETED_DEVICE_FAMILY = "1,2";
				TEST_HOST = "$(BUILT_PRODUCTS_DIR)/TodoApp.app/$(BUNDLE_EXECUTABLE_FOLDER_PATH)/TodoApp";
			};
			name = Debug;
		};
		D024140B2CF42039005F41C8 /* Release */ = {
			isa = XCBuildConfiguration;
			buildSettings = {
				BUNDLE_LOADER = "$(TEST_HOST)";
				CODE_SIGN_STYLE = Automatic;
				CURRENT_PROJECT_VERSION = 1;
				DEVELOPMENT_TEAM = N82VTDJ846;
				GENERATE_INFOPLIST_FILE = YES;
				IPHONEOS_DEPLOYMENT_TARGET = 18.1;
				MARKETING_VERSION = 1.0;
				PRODUCT_BUNDLE_IDENTIFIER = box.TodoAppTests;
				PRODUCT_NAME = "$(TARGET_NAME)";
				SWIFT_EMIT_LOC_STRINGS = NO;
				SWIFT_VERSION = 5.0;
				TARGETED_DEVICE_FAMILY = "1,2";
				TEST_HOST = "$(BUILT_PRODUCTS_DIR)/TodoApp.app/$(BUNDLE_EXECUTABLE_FOLDER_PATH)/TodoApp";
			};
			name = Release;
		};
		D032ECE72CCA84F100461F6C /* Debug */ = {
			isa = XCBuildConfiguration;
			buildSettings = {
				ALWAYS_SEARCH_USER_PATHS = NO;
				ASSETCATALOG_COMPILER_GENERATE_SWIFT_ASSET_SYMBOL_EXTENSIONS = YES;
				CLANG_ANALYZER_LOCALIZABILITY_NONLOCALIZED = YES;
				CLANG_ANALYZER_NONNULL = YES;
				CLANG_ANALYZER_NUMBER_OBJECT_CONVERSION = YES_AGGRESSIVE;
				CLANG_CXX_LANGUAGE_STANDARD = "gnu++20";
				CLANG_ENABLE_MODULES = YES;
				CLANG_ENABLE_OBJC_ARC = YES;
				CLANG_ENABLE_OBJC_WEAK = YES;
				CLANG_WARN_BLOCK_CAPTURE_AUTORELEASING = YES;
				CLANG_WARN_BOOL_CONVERSION = YES;
				CLANG_WARN_COMMA = YES;
				CLANG_WARN_CONSTANT_CONVERSION = YES;
				CLANG_WARN_DEPRECATED_OBJC_IMPLEMENTATIONS = YES;
				CLANG_WARN_DIRECT_OBJC_ISA_USAGE = YES_ERROR;
				CLANG_WARN_DOCUMENTATION_COMMENTS = YES;
				CLANG_WARN_EMPTY_BODY = YES;
				CLANG_WARN_ENUM_CONVERSION = YES;
				CLANG_WARN_INFINITE_RECURSION = YES;
				CLANG_WARN_INT_CONVERSION = YES;
				CLANG_WARN_NON_LITERAL_NULL_CONVERSION = YES;
				CLANG_WARN_OBJC_IMPLICIT_RETAIN_SELF = YES;
				CLANG_WARN_OBJC_LITERAL_CONVERSION = YES;
				CLANG_WARN_OBJC_ROOT_CLASS = YES_ERROR;
				CLANG_WARN_QUOTED_INCLUDE_IN_FRAMEWORK_HEADER = YES;
				CLANG_WARN_RANGE_LOOP_ANALYSIS = YES;
				CLANG_WARN_STRICT_PROTOTYPES = YES;
				CLANG_WARN_SUSPICIOUS_MOVE = YES;
				CLANG_WARN_UNGUARDED_AVAILABILITY = YES_AGGRESSIVE;
				CLANG_WARN_UNREACHABLE_CODE = YES;
				CLANG_WARN__DUPLICATE_METHOD_MATCH = YES;
				COPY_PHASE_STRIP = NO;
				DEBUG_INFORMATION_FORMAT = dwarf;
				ENABLE_STRICT_OBJC_MSGSEND = YES;
				ENABLE_TESTABILITY = YES;
				ENABLE_USER_SCRIPT_SANDBOXING = YES;
				GCC_C_LANGUAGE_STANDARD = gnu17;
				GCC_DYNAMIC_NO_PIC = NO;
				GCC_NO_COMMON_BLOCKS = YES;
				GCC_OPTIMIZATION_LEVEL = 0;
				GCC_PREPROCESSOR_DEFINITIONS = (
					"DEBUG=1",
					"$(inherited)",
				);
				GCC_WARN_64_TO_32_BIT_CONVERSION = YES;
				GCC_WARN_ABOUT_RETURN_TYPE = YES_ERROR;
				GCC_WARN_UNDECLARED_SELECTOR = YES;
				GCC_WARN_UNINITIALIZED_AUTOS = YES_AGGRESSIVE;
				GCC_WARN_UNUSED_FUNCTION = YES;
				GCC_WARN_UNUSED_VARIABLE = YES;
				IPHONEOS_DEPLOYMENT_TARGET = 18.0;
				LOCALIZATION_PREFERS_STRING_CATALOGS = YES;
				MTL_ENABLE_DEBUG_INFO = INCLUDE_SOURCE;
				MTL_FAST_MATH = YES;
				ONLY_ACTIVE_ARCH = YES;
				SDKROOT = iphoneos;
				SWIFT_ACTIVE_COMPILATION_CONDITIONS = "DEBUG $(inherited)";
				SWIFT_EMIT_LOC_STRINGS = YES;
				SWIFT_OPTIMIZATION_LEVEL = "-Onone";
			};
			name = Debug;
		};
		D032ECE82CCA84F100461F6C /* Release */ = {
			isa = XCBuildConfiguration;
			buildSettings = {
				ALWAYS_SEARCH_USER_PATHS = NO;
				ASSETCATALOG_COMPILER_GENERATE_SWIFT_ASSET_SYMBOL_EXTENSIONS = YES;
				CLANG_ANALYZER_LOCALIZABILITY_NONLOCALIZED = YES;
				CLANG_ANALYZER_NONNULL = YES;
				CLANG_ANALYZER_NUMBER_OBJECT_CONVERSION = YES_AGGRESSIVE;
				CLANG_CXX_LANGUAGE_STANDARD = "gnu++20";
				CLANG_ENABLE_MODULES = YES;
				CLANG_ENABLE_OBJC_ARC = YES;
				CLANG_ENABLE_OBJC_WEAK = YES;
				CLANG_WARN_BLOCK_CAPTURE_AUTORELEASING = YES;
				CLANG_WARN_BOOL_CONVERSION = YES;
				CLANG_WARN_COMMA = YES;
				CLANG_WARN_CONSTANT_CONVERSION = YES;
				CLANG_WARN_DEPRECATED_OBJC_IMPLEMENTATIONS = YES;
				CLANG_WARN_DIRECT_OBJC_ISA_USAGE = YES_ERROR;
				CLANG_WARN_DOCUMENTATION_COMMENTS = YES;
				CLANG_WARN_EMPTY_BODY = YES;
				CLANG_WARN_ENUM_CONVERSION = YES;
				CLANG_WARN_INFINITE_RECURSION = YES;
				CLANG_WARN_INT_CONVERSION = YES;
				CLANG_WARN_NON_LITERAL_NULL_CONVERSION = YES;
				CLANG_WARN_OBJC_IMPLICIT_RETAIN_SELF = YES;
				CLANG_WARN_OBJC_LITERAL_CONVERSION = YES;
				CLANG_WARN_OBJC_ROOT_CLASS = YES_ERROR;
				CLANG_WARN_QUOTED_INCLUDE_IN_FRAMEWORK_HEADER = YES;
				CLANG_WARN_RANGE_LOOP_ANALYSIS = YES;
				CLANG_WARN_STRICT_PROTOTYPES = YES;
				CLANG_WARN_SUSPICIOUS_MOVE = YES;
				CLANG_WARN_UNGUARDED_AVAILABILITY = YES_AGGRESSIVE;
				CLANG_WARN_UNREACHABLE_CODE = YES;
				CLANG_WARN__DUPLICATE_METHOD_MATCH = YES;
				COPY_PHASE_STRIP = NO;
				DEBUG_INFORMATION_FORMAT = "dwarf-with-dsym";
				ENABLE_NS_ASSERTIONS = NO;
				ENABLE_STRICT_OBJC_MSGSEND = YES;
				ENABLE_USER_SCRIPT_SANDBOXING = YES;
				GCC_C_LANGUAGE_STANDARD = gnu17;
				GCC_NO_COMMON_BLOCKS = YES;
				GCC_WARN_64_TO_32_BIT_CONVERSION = YES;
				GCC_WARN_ABOUT_RETURN_TYPE = YES_ERROR;
				GCC_WARN_UNDECLARED_SELECTOR = YES;
				GCC_WARN_UNINITIALIZED_AUTOS = YES_AGGRESSIVE;
				GCC_WARN_UNUSED_FUNCTION = YES;
				GCC_WARN_UNUSED_VARIABLE = YES;
				IPHONEOS_DEPLOYMENT_TARGET = 18.0;
				LOCALIZATION_PREFERS_STRING_CATALOGS = YES;
				MTL_ENABLE_DEBUG_INFO = NO;
				MTL_FAST_MATH = YES;
				SDKROOT = iphoneos;
				SWIFT_COMPILATION_MODE = wholemodule;
				SWIFT_EMIT_LOC_STRINGS = YES;
				VALIDATE_PRODUCT = YES;
			};
			name = Release;
		};
		D032ECEA2CCA84F100461F6C /* Debug */ = {
			isa = XCBuildConfiguration;
			buildSettings = {
				ASSETCATALOG_COMPILER_APPICON_NAME = AppIcon;
				ASSETCATALOG_COMPILER_GLOBAL_ACCENT_COLOR_NAME = AccentColor;
				CODE_SIGN_ENTITLEMENTS = TodoApp/TodoApp.entitlements;
				CODE_SIGN_STYLE = Automatic;
				CURRENT_PROJECT_VERSION = 1;
				DEVELOPMENT_ASSET_PATHS = "\"TodoApp/Preview Content\"";
				DEVELOPMENT_TEAM = N82VTDJ846;
				ENABLE_PREVIEWS = YES;
				GENERATE_INFOPLIST_FILE = YES;
				INFOPLIST_FILE = TodoApp/Info.plist;
				INFOPLIST_KEY_UIApplicationSceneManifest_Generation = YES;
				INFOPLIST_KEY_UIApplicationSupportsIndirectInputEvents = YES;
				INFOPLIST_KEY_UISupportedInterfaceOrientations_iPad = "UIInterfaceOrientationPortrait UIInterfaceOrientationPortraitUpsideDown UIInterfaceOrientationLandscapeLeft UIInterfaceOrientationLandscapeRight";
				INFOPLIST_KEY_UISupportedInterfaceOrientations_iPhone = "UIInterfaceOrientationPortrait UIInterfaceOrientationLandscapeLeft UIInterfaceOrientationLandscapeRight";
				LD_RUNPATH_SEARCH_PATHS = (
					"$(inherited)",
					"@executable_path/Frameworks",
				);
				MARKETING_VERSION = 1.0;
				PRODUCT_BUNDLE_IDENTIFIER = box.TodoApp;
				PRODUCT_NAME = "$(TARGET_NAME)";
				SUPPORTED_PLATFORMS = "iphoneos iphonesimulator";
				SUPPORTS_MACCATALYST = NO;
				SUPPORTS_XR_DESIGNED_FOR_IPHONE_IPAD = NO;
				SWIFT_EMIT_LOC_STRINGS = YES;
				SWIFT_VERSION = 5.0;
				TARGETED_DEVICE_FAMILY = "1,2";
			};
			name = Debug;
		};
		D032ECEB2CCA84F100461F6C /* Release */ = {
			isa = XCBuildConfiguration;
			buildSettings = {
				ASSETCATALOG_COMPILER_APPICON_NAME = AppIcon;
				ASSETCATALOG_COMPILER_GLOBAL_ACCENT_COLOR_NAME = AccentColor;
				CODE_SIGN_ENTITLEMENTS = TodoApp/TodoApp.entitlements;
				CODE_SIGN_STYLE = Automatic;
				CURRENT_PROJECT_VERSION = 1;
				DEVELOPMENT_ASSET_PATHS = "\"TodoApp/Preview Content\"";
				DEVELOPMENT_TEAM = N82VTDJ846;
				ENABLE_PREVIEWS = YES;
				GENERATE_INFOPLIST_FILE = YES;
				INFOPLIST_FILE = TodoApp/Info.plist;
				INFOPLIST_KEY_UIApplicationSceneManifest_Generation = YES;
				INFOPLIST_KEY_UIApplicationSupportsIndirectInputEvents = YES;
				INFOPLIST_KEY_UISupportedInterfaceOrientations_iPad = "UIInterfaceOrientationPortrait UIInterfaceOrientationPortraitUpsideDown UIInterfaceOrientationLandscapeLeft UIInterfaceOrientationLandscapeRight";
				INFOPLIST_KEY_UISupportedInterfaceOrientations_iPhone = "UIInterfaceOrientationPortrait UIInterfaceOrientationLandscapeLeft UIInterfaceOrientationLandscapeRight";
				LD_RUNPATH_SEARCH_PATHS = (
					"$(inherited)",
					"@executable_path/Frameworks",
				);
				MARKETING_VERSION = 1.0;
				PRODUCT_BUNDLE_IDENTIFIER = box.TodoApp;
				PRODUCT_NAME = "$(TARGET_NAME)";
				SUPPORTED_PLATFORMS = "iphoneos iphonesimulator";
				SUPPORTS_MACCATALYST = NO;
				SUPPORTS_XR_DESIGNED_FOR_IPHONE_IPAD = NO;
				SWIFT_EMIT_LOC_STRINGS = YES;
				SWIFT_VERSION = 5.0;
				TARGETED_DEVICE_FAMILY = "1,2";
			};
			name = Release;
		};
		D057659B2CF454AD00B45398 /* Debug */ = {
			isa = XCBuildConfiguration;
			buildSettings = {
				ASSETCATALOG_COMPILER_GLOBAL_ACCENT_COLOR_NAME = AccentColor;
				ASSETCATALOG_COMPILER_WIDGET_BACKGROUND_COLOR_NAME = WidgetBackground;
				CODE_SIGN_ENTITLEMENTS = TodoAppWidgetExtension.entitlements;
				CODE_SIGN_STYLE = Automatic;
				CURRENT_PROJECT_VERSION = 1;
				DEVELOPMENT_TEAM = N82VTDJ846;
				GENERATE_INFOPLIST_FILE = YES;
				INFOPLIST_FILE = TodoAppWidget/Info.plist;
				INFOPLIST_KEY_CFBundleDisplayName = TodoAppWidget;
				INFOPLIST_KEY_NSHumanReadableCopyright = "";
				IPHONEOS_DEPLOYMENT_TARGET = 18.0;
				LD_RUNPATH_SEARCH_PATHS = (
					"$(inherited)",
					"@executable_path/Frameworks",
					"@executable_path/../../Frameworks",
				);
				MARKETING_VERSION = 1.0;
				PRODUCT_BUNDLE_IDENTIFIER = box.TodoApp.Widget;
				PRODUCT_NAME = "$(TARGET_NAME)";
				SKIP_INSTALL = YES;
				SWIFT_EMIT_LOC_STRINGS = YES;
				SWIFT_VERSION = 5.0;
				TARGETED_DEVICE_FAMILY = "1,2";
			};
			name = Debug;
		};
		D057659C2CF454AD00B45398 /* Release */ = {
			isa = XCBuildConfiguration;
			buildSettings = {
				ASSETCATALOG_COMPILER_GLOBAL_ACCENT_COLOR_NAME = AccentColor;
				ASSETCATALOG_COMPILER_WIDGET_BACKGROUND_COLOR_NAME = WidgetBackground;
				CODE_SIGN_ENTITLEMENTS = TodoAppWidgetExtension.entitlements;
				CODE_SIGN_STYLE = Automatic;
				CURRENT_PROJECT_VERSION = 1;
				DEVELOPMENT_TEAM = N82VTDJ846;
				GENERATE_INFOPLIST_FILE = YES;
				INFOPLIST_FILE = TodoAppWidget/Info.plist;
				INFOPLIST_KEY_CFBundleDisplayName = TodoAppWidget;
				INFOPLIST_KEY_NSHumanReadableCopyright = "";
				IPHONEOS_DEPLOYMENT_TARGET = 18.0;
				LD_RUNPATH_SEARCH_PATHS = (
					"$(inherited)",
					"@executable_path/Frameworks",
					"@executable_path/../../Frameworks",
				);
				MARKETING_VERSION = 1.0;
				PRODUCT_BUNDLE_IDENTIFIER = box.TodoApp.Widget;
				PRODUCT_NAME = "$(TARGET_NAME)";
				SKIP_INSTALL = YES;
				SWIFT_EMIT_LOC_STRINGS = YES;
				SWIFT_VERSION = 5.0;
				TARGETED_DEVICE_FAMILY = "1,2";
			};
			name = Release;
		};
		D0A886CB2D00063800D0F75F /* Debug */ = {
			isa = XCBuildConfiguration;
			buildSettings = {
				CODE_SIGN_STYLE = Automatic;
				CURRENT_PROJECT_VERSION = 1;
				GENERATE_INFOPLIST_FILE = YES;
				IPHONEOS_DEPLOYMENT_TARGET = 18.1;
				MARKETING_VERSION = 1.0;
				PRODUCT_BUNDLE_IDENTIFIER = box.TodoAppUITests;
				PRODUCT_NAME = "$(TARGET_NAME)";
				SWIFT_EMIT_LOC_STRINGS = NO;
				SWIFT_VERSION = 5.0;
				TARGETED_DEVICE_FAMILY = "1,2";
				TEST_TARGET_NAME = TodoApp;
			};
			name = Debug;
		};
		D0A886CC2D00063800D0F75F /* Release */ = {
			isa = XCBuildConfiguration;
			buildSettings = {
				CODE_SIGN_STYLE = Automatic;
				CURRENT_PROJECT_VERSION = 1;
				GENERATE_INFOPLIST_FILE = YES;
				IPHONEOS_DEPLOYMENT_TARGET = 18.1;
				MARKETING_VERSION = 1.0;
				PRODUCT_BUNDLE_IDENTIFIER = box.TodoAppUITests;
				PRODUCT_NAME = "$(TARGET_NAME)";
				SWIFT_EMIT_LOC_STRINGS = NO;
				SWIFT_VERSION = 5.0;
				TARGETED_DEVICE_FAMILY = "1,2";
				TEST_TARGET_NAME = TodoApp;
			};
			name = Release;
		};
/* End XCBuildConfiguration section */

/* Begin XCConfigurationList section */
		D024140C2CF42039005F41C8 /* Build configuration list for PBXNativeTarget "TodoAppUnitTests" */ = {
			isa = XCConfigurationList;
			buildConfigurations = (
				D024140A2CF42039005F41C8 /* Debug */,
				D024140B2CF42039005F41C8 /* Release */,
			);
			defaultConfigurationIsVisible = 0;
			defaultConfigurationName = Release;
		};
		D032ECD42CCA84F000461F6C /* Build configuration list for PBXProject "TodoApp" */ = {
			isa = XCConfigurationList;
			buildConfigurations = (
				D032ECE72CCA84F100461F6C /* Debug */,
				D032ECE82CCA84F100461F6C /* Release */,
			);
			defaultConfigurationIsVisible = 0;
			defaultConfigurationName = Release;
		};
		D032ECE92CCA84F100461F6C /* Build configuration list for PBXNativeTarget "TodoApp" */ = {
			isa = XCConfigurationList;
			buildConfigurations = (
				D032ECEA2CCA84F100461F6C /* Debug */,
				D032ECEB2CCA84F100461F6C /* Release */,
			);
			defaultConfigurationIsVisible = 0;
			defaultConfigurationName = Release;
		};
		D057659E2CF454AD00B45398 /* Build configuration list for PBXNativeTarget "TodoAppWidgetExtension" */ = {
			isa = XCConfigurationList;
			buildConfigurations = (
				D057659B2CF454AD00B45398 /* Debug */,
				D057659C2CF454AD00B45398 /* Release */,
			);
			defaultConfigurationIsVisible = 0;
			defaultConfigurationName = Release;
		};
		D0A886CA2D00063800D0F75F /* Build configuration list for PBXNativeTarget "TodoAppUITests" */ = {
			isa = XCConfigurationList;
			buildConfigurations = (
				D0A886CB2D00063800D0F75F /* Debug */,
				D0A886CC2D00063800D0F75F /* Release */,
			);
			defaultConfigurationIsVisible = 0;
			defaultConfigurationName = Release;
		};
/* End XCConfigurationList section */
	};
	rootObject = D032ECD12CCA84F000461F6C /* Project object */;
}
